{
  "nodes": {
    "disko": {
      "inputs": {
        "nixpkgs": [
          "nixpkgs"
        ]
      },
      "locked": {
<<<<<<< HEAD
        "lastModified": 1720661479,
        "narHash": "sha256-nsGgA14vVn0GGiqEfomtVgviRJCuSR3UEopfP8ixW1I=",
        "owner": "nix-community",
        "repo": "disko",
        "rev": "786965e1b1ed3fd2018d78399984f461e2a44689",
=======
        "lastModified": 1726842196,
        "narHash": "sha256-u9h03JQUuQJ607xmti9F9Eh6E96kKUAGP+aXWgwm70o=",
        "owner": "nix-community",
        "repo": "disko",
        "rev": "51994df8ba24d5db5459ccf17b6494643301ad28",
>>>>>>> main
        "type": "github"
      },
      "original": {
        "owner": "nix-community",
        "repo": "disko",
        "type": "github"
      }
    },
<<<<<<< HEAD
=======
    "flake-utils": {
      "inputs": {
        "systems": "systems"
      },
      "locked": {
        "lastModified": 1726560853,
        "narHash": "sha256-X6rJYSESBVr3hBoH0WbKE5KvhPU5bloyZ2L4K60/fPQ=",
        "owner": "numtide",
        "repo": "flake-utils",
        "rev": "c1dfcf08411b08f6b8615f7d8971a2bfa81d5e8a",
        "type": "github"
      },
      "original": {
        "id": "flake-utils",
        "type": "indirect"
      }
    },
>>>>>>> main
    "home-manager": {
      "inputs": {
        "nixpkgs": [
          "nixpkgs"
        ]
      },
      "locked": {
<<<<<<< HEAD
        "lastModified": 1720734513,
        "narHash": "sha256-neWQ8eNtLTd+YMesb7WjKl1SVCbDyCm46LUgP/g/hdo=",
        "owner": "nix-community",
        "repo": "home-manager",
        "rev": "90ae324e2c56af10f20549ab72014804a3064c7f",
=======
        "lastModified": 1726985855,
        "narHash": "sha256-NJPGK030Y3qETpWBhj9oobDQRbXdXOPxtu+YgGvZ84o=",
        "owner": "nix-community",
        "repo": "home-manager",
        "rev": "04213d1ce4221f5d9b40bcee30706ce9a91d148d",
>>>>>>> main
        "type": "github"
      },
      "original": {
        "owner": "nix-community",
        "repo": "home-manager",
        "type": "github"
      }
    },
    "impermanence": {
      "locked": {
        "lastModified": 1725690722,
        "narHash": "sha256-4qWg9sNh5g1qPGO6d/GV2ktY+eDikkBTbWSg5/iD2nY=",
        "owner": "nix-community",
        "repo": "impermanence",
        "rev": "63f4d0443e32b0dd7189001ee1894066765d18a5",
        "type": "github"
      },
      "original": {
        "owner": "nix-community",
        "repo": "impermanence",
        "type": "github"
      }
    },
    "nixos-hardware": {
      "locked": {
<<<<<<< HEAD
        "lastModified": 1720737798,
        "narHash": "sha256-G/OtEAts7ZUvW5lrGMXSb8HqRp2Jr9I7reBuvCOL54w=",
        "owner": "nixos",
        "repo": "nixos-hardware",
        "rev": "c5013aa7ce2c7ec90acee5d965d950c8348db751",
=======
        "lastModified": 1727040444,
        "narHash": "sha256-19FNN5QT9Z11ZUMfftRplyNN+2PgcHKb3oq8KMW/hDA=",
        "owner": "nixos",
        "repo": "nixos-hardware",
        "rev": "d0cb432a9d28218df11cbd77d984a2a46caeb5ac",
>>>>>>> main
        "type": "github"
      },
      "original": {
        "owner": "nixos",
        "ref": "master",
        "repo": "nixos-hardware",
        "type": "github"
      }
    },
    "nixpkgs": {
      "locked": {
<<<<<<< HEAD
        "lastModified": 1720768451,
        "narHash": "sha256-EYekUHJE2gxeo2pM/zM9Wlqw1Uw2XTJXOSAO79ksc4Y=",
        "owner": "nixos",
        "repo": "nixpkgs",
        "rev": "7e7c39ea35c5cdd002cd4588b03a3fb9ece6fad9",
=======
        "lastModified": 1726755586,
        "narHash": "sha256-PmUr/2GQGvFTIJ6/Tvsins7Q43KTMvMFhvG6oaYK+Wk=",
        "owner": "nixos",
        "repo": "nixpkgs",
        "rev": "c04d5652cfa9742b1d519688f65d1bbccea9eb7e",
>>>>>>> main
        "type": "github"
      },
      "original": {
        "owner": "nixos",
        "ref": "nixos-unstable",
        "repo": "nixpkgs",
        "type": "github"
      }
    },
    "nixpkgs-stable": {
      "locked": {
<<<<<<< HEAD
        "lastModified": 1720915306,
        "narHash": "sha256-6vuViC56+KSr+945bCV8akHK+7J5k6n/epYg/W3I5eQ=",
        "owner": "NixOS",
        "repo": "nixpkgs",
        "rev": "74348da2f3a312ee25cea09b98cdba4cb9fa5d5d",
=======
        "lastModified": 1725762081,
        "narHash": "sha256-vNv+aJUW5/YurRy1ocfvs4q/48yVESwlC/yHzjkZSP8=",
        "owner": "NixOS",
        "repo": "nixpkgs",
        "rev": "dc454045f5b5d814e5862a6d057e7bb5c29edc05",
>>>>>>> main
        "type": "github"
      },
      "original": {
        "owner": "NixOS",
        "ref": "release-24.05",
        "repo": "nixpkgs",
        "type": "github"
      }
    },
    "root": {
      "inputs": {
        "disko": "disko",
        "home-manager": "home-manager",
        "impermanence": "impermanence",
        "nixos-hardware": "nixos-hardware",
        "nixpkgs": "nixpkgs",
        "secrets": "secrets",
        "sops-nix": "sops-nix"
      }
    },
    "secrets": {
      "flake": false,
      "locked": {
        "lastModified": 1720977233,
        "narHash": "sha256-mxEg2i0KCKiTdYZKU8QwBNKymdAd6YkxwIPwIiY9ER4=",
        "ref": "main",
        "rev": "c37f455a36c5b53e2f8345ee63872db0c8cb2622",
        "shallow": true,
        "type": "git",
        "url": "https://github.com/zacharyarnaise/heim-secrets"
      },
      "original": {
        "ref": "main",
        "shallow": true,
        "type": "git",
        "url": "https://github.com/zacharyarnaise/heim-secrets"
      }
    },
    "sops-nix": {
      "inputs": {
        "nixpkgs": [
          "nixpkgs"
        ],
        "nixpkgs-stable": "nixpkgs-stable"
      },
      "locked": {
<<<<<<< HEAD
        "lastModified": 1720926522,
        "narHash": "sha256-eTpnrT6yu1vp8C0B5fxHXhgKxHoYMoYTEikQx///jxY=",
        "owner": "mic92",
        "repo": "sops-nix",
        "rev": "0703ba03fd9c1665f8ab68cc3487302475164617",
=======
        "lastModified": 1726524647,
        "narHash": "sha256-qis6BtOOBBEAfUl7FMHqqTwRLB61OL5OFzIsOmRz2J4=",
        "owner": "mic92",
        "repo": "sops-nix",
        "rev": "e2d404a7ea599a013189aa42947f66cede0645c8",
>>>>>>> main
        "type": "github"
      },
      "original": {
        "owner": "mic92",
        "repo": "sops-nix",
        "type": "github"
      }
    }
  },
  "root": "root",
  "version": 7
}
